// !$*UTF8*$!
{
	archiveVersion = 1;
	classes = {
	};
	objectVersion = 46;
	objects = {

/* Begin PBXBuildFile section */
		0B15E2CCF05E4DC9A8BAF2ED /* libPods-AdminRig.a in Frameworks */ = {isa = PBXBuildFile; fileRef = 58C60B6AF9811E6296123B23 /* libPods-AdminRig.a */; };
		23CF1B8EAB889F8DC8B015CE /* libPods-AdminRigUITests.a in Frameworks */ = {isa = PBXBuildFile; fileRef = 942AEDEDB6F69047C11688FE /* libPods-AdminRigUITests.a */; };
		52D2DCB11E3EB2D300ADECC8 /* main.m in Sources */ = {isa = PBXBuildFile; fileRef = 52D2DCB01E3EB2D300ADECC8 /* main.m */; };
		52D2DCB41E3EB2D300ADECC8 /* AppDelegate.m in Sources */ = {isa = PBXBuildFile; fileRef = 52D2DCB31E3EB2D300ADECC8 /* AppDelegate.m */; };
		52D2DCB71E3EB2D300ADECC8 /* ViewController.m in Sources */ = {isa = PBXBuildFile; fileRef = 52D2DCB61E3EB2D300ADECC8 /* ViewController.m */; };
		52D2DCBA1E3EB2D300ADECC8 /* Main.storyboard in Resources */ = {isa = PBXBuildFile; fileRef = 52D2DCB81E3EB2D300ADECC8 /* Main.storyboard */; };
		52D2DCBC1E3EB2D300ADECC8 /* Assets.xcassets in Resources */ = {isa = PBXBuildFile; fileRef = 52D2DCBB1E3EB2D300ADECC8 /* Assets.xcassets */; };
		52D2DCBF1E3EB2D300ADECC8 /* LaunchScreen.storyboard in Resources */ = {isa = PBXBuildFile; fileRef = 52D2DCBD1E3EB2D300ADECC8 /* LaunchScreen.storyboard */; };
		52D2DCCA1E3EB2D300ADECC8 /* AdminRigTests.m in Sources */ = {isa = PBXBuildFile; fileRef = 52D2DCC91E3EB2D300ADECC8 /* AdminRigTests.m */; };
		52D2DCD51E3EB2D300ADECC8 /* AdminRigUITests.m in Sources */ = {isa = PBXBuildFile; fileRef = 52D2DCD41E3EB2D300ADECC8 /* AdminRigUITests.m */; };
		67AAAAAF6694CAC6E2597368 /* libPods-AdminRigTests.a in Frameworks */ = {isa = PBXBuildFile; fileRef = 512856F2DAC6AA0136AC8332 /* libPods-AdminRigTests.a */; };
/* End PBXBuildFile section */

/* Begin PBXContainerItemProxy section */
		52D2DCC61E3EB2D300ADECC8 /* PBXContainerItemProxy */ = {
			isa = PBXContainerItemProxy;
			containerPortal = 52D2DCA41E3EB2D300ADECC8 /* Project object */;
			proxyType = 1;
			remoteGlobalIDString = 52D2DCAB1E3EB2D300ADECC8;
			remoteInfo = AdminRig;
		};
		52D2DCD11E3EB2D300ADECC8 /* PBXContainerItemProxy */ = {
			isa = PBXContainerItemProxy;
			containerPortal = 52D2DCA41E3EB2D300ADECC8 /* Project object */;
			proxyType = 1;
			remoteGlobalIDString = 52D2DCAB1E3EB2D300ADECC8;
			remoteInfo = AdminRig;
		};
/* End PBXContainerItemProxy section */

/* Begin PBXFileReference section */
		3F7B6A517527E182937B558E /* Pods-AdminRigUITests.release.xcconfig */ = {isa = PBXFileReference; includeInIndex = 1; lastKnownFileType = text.xcconfig; name = "Pods-AdminRigUITests.release.xcconfig"; path = "Pods/Target Support Files/Pods-AdminRigUITests/Pods-AdminRigUITests.release.xcconfig"; sourceTree = "<group>"; };
		460BF5619B507EBA9995D0D9 /* Pods-AdminRigTests.debug.xcconfig */ = {isa = PBXFileReference; includeInIndex = 1; lastKnownFileType = text.xcconfig; name = "Pods-AdminRigTests.debug.xcconfig"; path = "Pods/Target Support Files/Pods-AdminRigTests/Pods-AdminRigTests.debug.xcconfig"; sourceTree = "<group>"; };
		512856F2DAC6AA0136AC8332 /* libPods-AdminRigTests.a */ = {isa = PBXFileReference; explicitFileType = archive.ar; includeInIndex = 0; path = "libPods-AdminRigTests.a"; sourceTree = BUILT_PRODUCTS_DIR; };
		52D2DCAC1E3EB2D300ADECC8 /* AdminRig.app */ = {isa = PBXFileReference; explicitFileType = wrapper.application; includeInIndex = 0; path = AdminRig.app; sourceTree = BUILT_PRODUCTS_DIR; };
		52D2DCB01E3EB2D300ADECC8 /* main.m */ = {isa = PBXFileReference; lastKnownFileType = sourcecode.c.objc; path = main.m; sourceTree = "<group>"; };
		52D2DCB21E3EB2D300ADECC8 /* AppDelegate.h */ = {isa = PBXFileReference; lastKnownFileType = sourcecode.c.h; path = AppDelegate.h; sourceTree = "<group>"; };
		52D2DCB31E3EB2D300ADECC8 /* AppDelegate.m */ = {isa = PBXFileReference; lastKnownFileType = sourcecode.c.objc; path = AppDelegate.m; sourceTree = "<group>"; };
		52D2DCB51E3EB2D300ADECC8 /* ViewController.h */ = {isa = PBXFileReference; lastKnownFileType = sourcecode.c.h; path = ViewController.h; sourceTree = "<group>"; };
		52D2DCB61E3EB2D300ADECC8 /* ViewController.m */ = {isa = PBXFileReference; lastKnownFileType = sourcecode.c.objc; path = ViewController.m; sourceTree = "<group>"; };
		52D2DCB91E3EB2D300ADECC8 /* Base */ = {isa = PBXFileReference; lastKnownFileType = file.storyboard; name = Base; path = Base.lproj/Main.storyboard; sourceTree = "<group>"; };
		52D2DCBB1E3EB2D300ADECC8 /* Assets.xcassets */ = {isa = PBXFileReference; lastKnownFileType = folder.assetcatalog; path = Assets.xcassets; sourceTree = "<group>"; };
		52D2DCBE1E3EB2D300ADECC8 /* Base */ = {isa = PBXFileReference; lastKnownFileType = file.storyboard; name = Base; path = Base.lproj/LaunchScreen.storyboard; sourceTree = "<group>"; };
		52D2DCC01E3EB2D300ADECC8 /* Info.plist */ = {isa = PBXFileReference; lastKnownFileType = text.plist.xml; path = Info.plist; sourceTree = "<group>"; };
		52D2DCC51E3EB2D300ADECC8 /* AdminRigTests.xctest */ = {isa = PBXFileReference; explicitFileType = wrapper.cfbundle; includeInIndex = 0; path = AdminRigTests.xctest; sourceTree = BUILT_PRODUCTS_DIR; };
		52D2DCC91E3EB2D300ADECC8 /* AdminRigTests.m */ = {isa = PBXFileReference; lastKnownFileType = sourcecode.c.objc; path = AdminRigTests.m; sourceTree = "<group>"; };
		52D2DCCB1E3EB2D300ADECC8 /* Info.plist */ = {isa = PBXFileReference; lastKnownFileType = text.plist.xml; path = Info.plist; sourceTree = "<group>"; };
		52D2DCD01E3EB2D300ADECC8 /* AdminRigUITests.xctest */ = {isa = PBXFileReference; explicitFileType = wrapper.cfbundle; includeInIndex = 0; path = AdminRigUITests.xctest; sourceTree = BUILT_PRODUCTS_DIR; };
		52D2DCD41E3EB2D300ADECC8 /* AdminRigUITests.m */ = {isa = PBXFileReference; lastKnownFileType = sourcecode.c.objc; path = AdminRigUITests.m; sourceTree = "<group>"; };
		52D2DCD61E3EB2D300ADECC8 /* Info.plist */ = {isa = PBXFileReference; lastKnownFileType = text.plist.xml; path = Info.plist; sourceTree = "<group>"; };
		58C60B6AF9811E6296123B23 /* libPods-AdminRig.a */ = {isa = PBXFileReference; explicitFileType = archive.ar; includeInIndex = 0; path = "libPods-AdminRig.a"; sourceTree = BUILT_PRODUCTS_DIR; };
		78FEA14350E6DDAD501C847E /* Pods-AdminRig.debug.xcconfig */ = {isa = PBXFileReference; includeInIndex = 1; lastKnownFileType = text.xcconfig; name = "Pods-AdminRig.debug.xcconfig"; path = "Pods/Target Support Files/Pods-AdminRig/Pods-AdminRig.debug.xcconfig"; sourceTree = "<group>"; };
		87E386E5154790F34A2EBE20 /* Pods-AdminRig.release.xcconfig */ = {isa = PBXFileReference; includeInIndex = 1; lastKnownFileType = text.xcconfig; name = "Pods-AdminRig.release.xcconfig"; path = "Pods/Target Support Files/Pods-AdminRig/Pods-AdminRig.release.xcconfig"; sourceTree = "<group>"; };
		942AEDEDB6F69047C11688FE /* libPods-AdminRigUITests.a */ = {isa = PBXFileReference; explicitFileType = archive.ar; includeInIndex = 0; path = "libPods-AdminRigUITests.a"; sourceTree = BUILT_PRODUCTS_DIR; };
		94C14B4B2A3D666A6CB0BAB6 /* Pods-AdminRigUITests.debug.xcconfig */ = {isa = PBXFileReference; includeInIndex = 1; lastKnownFileType = text.xcconfig; name = "Pods-AdminRigUITests.debug.xcconfig"; path = "Pods/Target Support Files/Pods-AdminRigUITests/Pods-AdminRigUITests.debug.xcconfig"; sourceTree = "<group>"; };
		D5D82AC6A221DC88687A2CE7 /* Pods-AdminRigTests.release.xcconfig */ = {isa = PBXFileReference; includeInIndex = 1; lastKnownFileType = text.xcconfig; name = "Pods-AdminRigTests.release.xcconfig"; path = "Pods/Target Support Files/Pods-AdminRigTests/Pods-AdminRigTests.release.xcconfig"; sourceTree = "<group>"; };
/* End PBXFileReference section */

/* Begin PBXFrameworksBuildPhase section */
		52D2DCA91E3EB2D300ADECC8 /* Frameworks */ = {
			isa = PBXFrameworksBuildPhase;
			buildActionMask = 2147483647;
			files = (
				0B15E2CCF05E4DC9A8BAF2ED /* libPods-AdminRig.a in Frameworks */,
			);
			runOnlyForDeploymentPostprocessing = 0;
		};
		52D2DCC21E3EB2D300ADECC8 /* Frameworks */ = {
			isa = PBXFrameworksBuildPhase;
			buildActionMask = 2147483647;
			files = (
				67AAAAAF6694CAC6E2597368 /* libPods-AdminRigTests.a in Frameworks */,
			);
			runOnlyForDeploymentPostprocessing = 0;
		};
		52D2DCCD1E3EB2D300ADECC8 /* Frameworks */ = {
			isa = PBXFrameworksBuildPhase;
			buildActionMask = 2147483647;
			files = (
				23CF1B8EAB889F8DC8B015CE /* libPods-AdminRigUITests.a in Frameworks */,
			);
			runOnlyForDeploymentPostprocessing = 0;
		};
/* End PBXFrameworksBuildPhase section */

/* Begin PBXGroup section */
		38FF67001BE1C7B6460B9419 /* Pods */ = {
			isa = PBXGroup;
			children = (
				78FEA14350E6DDAD501C847E /* Pods-AdminRig.debug.xcconfig */,
				87E386E5154790F34A2EBE20 /* Pods-AdminRig.release.xcconfig */,
				460BF5619B507EBA9995D0D9 /* Pods-AdminRigTests.debug.xcconfig */,
				D5D82AC6A221DC88687A2CE7 /* Pods-AdminRigTests.release.xcconfig */,
				94C14B4B2A3D666A6CB0BAB6 /* Pods-AdminRigUITests.debug.xcconfig */,
				3F7B6A517527E182937B558E /* Pods-AdminRigUITests.release.xcconfig */,
			);
			name = Pods;
			sourceTree = "<group>";
		};
		52D2DCA31E3EB2D300ADECC8 = {
			isa = PBXGroup;
			children = (
				52D2DCAE1E3EB2D300ADECC8 /* AdminRig */,
				52D2DCC81E3EB2D300ADECC8 /* AdminRigTests */,
				52D2DCD31E3EB2D300ADECC8 /* AdminRigUITests */,
				52D2DCAD1E3EB2D300ADECC8 /* Products */,
				38FF67001BE1C7B6460B9419 /* Pods */,
				ABD99A1AC8DA36E20DB12299 /* Frameworks */,
			);
			sourceTree = "<group>";
		};
		52D2DCAD1E3EB2D300ADECC8 /* Products */ = {
			isa = PBXGroup;
			children = (
				52D2DCAC1E3EB2D300ADECC8 /* AdminRig.app */,
				52D2DCC51E3EB2D300ADECC8 /* AdminRigTests.xctest */,
				52D2DCD01E3EB2D300ADECC8 /* AdminRigUITests.xctest */,
			);
			name = Products;
			sourceTree = "<group>";
		};
		52D2DCAE1E3EB2D300ADECC8 /* AdminRig */ = {
			isa = PBXGroup;
			children = (
				52D2DCB21E3EB2D300ADECC8 /* AppDelegate.h */,
				52D2DCB31E3EB2D300ADECC8 /* AppDelegate.m */,
				52D2DCB51E3EB2D300ADECC8 /* ViewController.h */,
				52D2DCB61E3EB2D300ADECC8 /* ViewController.m */,
				52D2DCB81E3EB2D300ADECC8 /* Main.storyboard */,
				52D2DCBB1E3EB2D300ADECC8 /* Assets.xcassets */,
				52D2DCBD1E3EB2D300ADECC8 /* LaunchScreen.storyboard */,
				52D2DCC01E3EB2D300ADECC8 /* Info.plist */,
				52D2DCAF1E3EB2D300ADECC8 /* Supporting Files */,
			);
			path = AdminRig;
			sourceTree = "<group>";
		};
		52D2DCAF1E3EB2D300ADECC8 /* Supporting Files */ = {
			isa = PBXGroup;
			children = (
				52D2DCB01E3EB2D300ADECC8 /* main.m */,
			);
			name = "Supporting Files";
			sourceTree = "<group>";
		};
		52D2DCC81E3EB2D300ADECC8 /* AdminRigTests */ = {
			isa = PBXGroup;
			children = (
				52D2DCC91E3EB2D300ADECC8 /* AdminRigTests.m */,
				52D2DCCB1E3EB2D300ADECC8 /* Info.plist */,
			);
			path = AdminRigTests;
			sourceTree = "<group>";
		};
		52D2DCD31E3EB2D300ADECC8 /* AdminRigUITests */ = {
			isa = PBXGroup;
			children = (
				52D2DCD41E3EB2D300ADECC8 /* AdminRigUITests.m */,
				52D2DCD61E3EB2D300ADECC8 /* Info.plist */,
			);
			path = AdminRigUITests;
			sourceTree = "<group>";
		};
		ABD99A1AC8DA36E20DB12299 /* Frameworks */ = {
			isa = PBXGroup;
			children = (
				58C60B6AF9811E6296123B23 /* libPods-AdminRig.a */,
				512856F2DAC6AA0136AC8332 /* libPods-AdminRigTests.a */,
				942AEDEDB6F69047C11688FE /* libPods-AdminRigUITests.a */,
			);
			name = Frameworks;
			sourceTree = "<group>";
		};
/* End PBXGroup section */

/* Begin PBXNativeTarget section */
		52D2DCAB1E3EB2D300ADECC8 /* AdminRig */ = {
			isa = PBXNativeTarget;
			buildConfigurationList = 52D2DCD91E3EB2D300ADECC8 /* Build configuration list for PBXNativeTarget "AdminRig" */;
			buildPhases = (
				091A06108BEB025918AF0B4D /* [CP] Check Pods Manifest.lock */,
				52D2DCA81E3EB2D300ADECC8 /* Sources */,
				52D2DCA91E3EB2D300ADECC8 /* Frameworks */,
				52D2DCAA1E3EB2D300ADECC8 /* Resources */,
				92AC894909527E8B3FA1E228 /* [CP] Embed Pods Frameworks */,
				77D65767C4CF218714328734 /* [CP] Copy Pods Resources */,
			);
			buildRules = (
			);
			dependencies = (
			);
			name = AdminRig;
			productName = AdminRig;
			productReference = 52D2DCAC1E3EB2D300ADECC8 /* AdminRig.app */;
			productType = "com.apple.product-type.application";
		};
		52D2DCC41E3EB2D300ADECC8 /* AdminRigTests */ = {
			isa = PBXNativeTarget;
			buildConfigurationList = 52D2DCDC1E3EB2D300ADECC8 /* Build configuration list for PBXNativeTarget "AdminRigTests" */;
			buildPhases = (
				44D7B7E6C35307E301FB1818 /* [CP] Check Pods Manifest.lock */,
				52D2DCC11E3EB2D300ADECC8 /* Sources */,
				52D2DCC21E3EB2D300ADECC8 /* Frameworks */,
				52D2DCC31E3EB2D300ADECC8 /* Resources */,
				A770F4ADA369BA29F845BE55 /* [CP] Embed Pods Frameworks */,
				E870E76307E8D426AAD43C4A /* [CP] Copy Pods Resources */,
			);
			buildRules = (
			);
			dependencies = (
				52D2DCC71E3EB2D300ADECC8 /* PBXTargetDependency */,
			);
			name = AdminRigTests;
			productName = AdminRigTests;
			productReference = 52D2DCC51E3EB2D300ADECC8 /* AdminRigTests.xctest */;
			productType = "com.apple.product-type.bundle.unit-test";
		};
		52D2DCCF1E3EB2D300ADECC8 /* AdminRigUITests */ = {
			isa = PBXNativeTarget;
			buildConfigurationList = 52D2DCDF1E3EB2D300ADECC8 /* Build configuration list for PBXNativeTarget "AdminRigUITests" */;
			buildPhases = (
				3F52431D26730DCFA018F741 /* [CP] Check Pods Manifest.lock */,
				52D2DCCC1E3EB2D300ADECC8 /* Sources */,
				52D2DCCD1E3EB2D300ADECC8 /* Frameworks */,
				52D2DCCE1E3EB2D300ADECC8 /* Resources */,
				4A3A8DDF703022F1651D08F3 /* [CP] Embed Pods Frameworks */,
				7B5936C764C2A2715B9CD877 /* [CP] Copy Pods Resources */,
			);
			buildRules = (
			);
			dependencies = (
				52D2DCD21E3EB2D300ADECC8 /* PBXTargetDependency */,
			);
			name = AdminRigUITests;
			productName = AdminRigUITests;
			productReference = 52D2DCD01E3EB2D300ADECC8 /* AdminRigUITests.xctest */;
			productType = "com.apple.product-type.bundle.ui-testing";
		};
/* End PBXNativeTarget section */

/* Begin PBXProject section */
		52D2DCA41E3EB2D300ADECC8 /* Project object */ = {
			isa = PBXProject;
			attributes = {
				LastUpgradeCheck = 0820;
				ORGANIZATIONNAME = "John Bogil";
				TargetAttributes = {
					52D2DCAB1E3EB2D300ADECC8 = {
						CreatedOnToolsVersion = 8.2.1;
						DevelopmentTeam = 4Y3GGL46D2;
						ProvisioningStyle = Automatic;
					};
					52D2DCC41E3EB2D300ADECC8 = {
						CreatedOnToolsVersion = 8.2.1;
						ProvisioningStyle = Automatic;
						TestTargetID = 52D2DCAB1E3EB2D300ADECC8;
					};
					52D2DCCF1E3EB2D300ADECC8 = {
						CreatedOnToolsVersion = 8.2.1;
						ProvisioningStyle = Automatic;
						TestTargetID = 52D2DCAB1E3EB2D300ADECC8;
					};
				};
			};
			buildConfigurationList = 52D2DCA71E3EB2D300ADECC8 /* Build configuration list for PBXProject "AdminRig" */;
			compatibilityVersion = "Xcode 3.2";
			developmentRegion = English;
			hasScannedForEncodings = 0;
			knownRegions = (
				en,
				Base,
			);
			mainGroup = 52D2DCA31E3EB2D300ADECC8;
			productRefGroup = 52D2DCAD1E3EB2D300ADECC8 /* Products */;
			projectDirPath = "";
			projectRoot = "";
			targets = (
				52D2DCAB1E3EB2D300ADECC8 /* AdminRig */,
				52D2DCC41E3EB2D300ADECC8 /* AdminRigTests */,
				52D2DCCF1E3EB2D300ADECC8 /* AdminRigUITests */,
			);
		};
/* End PBXProject section */

/* Begin PBXResourcesBuildPhase section */
		52D2DCAA1E3EB2D300ADECC8 /* Resources */ = {
			isa = PBXResourcesBuildPhase;
			buildActionMask = 2147483647;
			files = (
				52D2DCBF1E3EB2D300ADECC8 /* LaunchScreen.storyboard in Resources */,
				52D2DCBC1E3EB2D300ADECC8 /* Assets.xcassets in Resources */,
				52D2DCBA1E3EB2D300ADECC8 /* Main.storyboard in Resources */,
			);
			runOnlyForDeploymentPostprocessing = 0;
		};
		52D2DCC31E3EB2D300ADECC8 /* Resources */ = {
			isa = PBXResourcesBuildPhase;
			buildActionMask = 2147483647;
			files = (
			);
			runOnlyForDeploymentPostprocessing = 0;
		};
		52D2DCCE1E3EB2D300ADECC8 /* Resources */ = {
			isa = PBXResourcesBuildPhase;
			buildActionMask = 2147483647;
			files = (
			);
			runOnlyForDeploymentPostprocessing = 0;
		};
/* End PBXResourcesBuildPhase section */

/* Begin PBXShellScriptBuildPhase section */
		091A06108BEB025918AF0B4D /* [CP] Check Pods Manifest.lock */ = {
			isa = PBXShellScriptBuildPhase;
			buildActionMask = 2147483647;
			files = (
			);
			inputPaths = (
			);
			name = "[CP] Check Pods Manifest.lock";
			outputPaths = (
			);
			runOnlyForDeploymentPostprocessing = 0;
			shellPath = /bin/sh;
			shellScript = "diff \"${PODS_ROOT}/../Podfile.lock\" \"${PODS_ROOT}/Manifest.lock\" > /dev/null\nif [ $? != 0 ] ; then\n    # print error to STDERR\n    echo \"error: The sandbox is not in sync with the Podfile.lock. Run \'pod install\' or update your CocoaPods installation.\" >&2\n    exit 1\nfi\n";
			showEnvVarsInLog = 0;
		};
		3F52431D26730DCFA018F741 /* [CP] Check Pods Manifest.lock */ = {
			isa = PBXShellScriptBuildPhase;
			buildActionMask = 2147483647;
			files = (
			);
			inputPaths = (
			);
			name = "[CP] Check Pods Manifest.lock";
			outputPaths = (
			);
			runOnlyForDeploymentPostprocessing = 0;
			shellPath = /bin/sh;
			shellScript = "diff \"${PODS_ROOT}/../Podfile.lock\" \"${PODS_ROOT}/Manifest.lock\" > /dev/null\nif [ $? != 0 ] ; then\n    # print error to STDERR\n    echo \"error: The sandbox is not in sync with the Podfile.lock. Run \'pod install\' or update your CocoaPods installation.\" >&2\n    exit 1\nfi\n";
			showEnvVarsInLog = 0;
		};
		44D7B7E6C35307E301FB1818 /* [CP] Check Pods Manifest.lock */ = {
			isa = PBXShellScriptBuildPhase;
			buildActionMask = 2147483647;
			files = (
			);
			inputPaths = (
			);
			name = "[CP] Check Pods Manifest.lock";
			outputPaths = (
			);
			runOnlyForDeploymentPostprocessing = 0;
			shellPath = /bin/sh;
			shellScript = "diff \"${PODS_ROOT}/../Podfile.lock\" \"${PODS_ROOT}/Manifest.lock\" > /dev/null\nif [ $? != 0 ] ; then\n    # print error to STDERR\n    echo \"error: The sandbox is not in sync with the Podfile.lock. Run \'pod install\' or update your CocoaPods installation.\" >&2\n    exit 1\nfi\n";
			showEnvVarsInLog = 0;
		};
		4A3A8DDF703022F1651D08F3 /* [CP] Embed Pods Frameworks */ = {
			isa = PBXShellScriptBuildPhase;
			buildActionMask = 2147483647;
			files = (
			);
			inputPaths = (
			);
			name = "[CP] Embed Pods Frameworks";
			outputPaths = (
			);
			runOnlyForDeploymentPostprocessing = 0;
			shellPath = /bin/sh;
			shellScript = "\"${SRCROOT}/Pods/Target Support Files/Pods-AdminRigUITests/Pods-AdminRigUITests-frameworks.sh\"\n";
			showEnvVarsInLog = 0;
		};
		77D65767C4CF218714328734 /* [CP] Copy Pods Resources */ = {
			isa = PBXShellScriptBuildPhase;
			buildActionMask = 2147483647;
			files = (
			);
			inputPaths = (
			);
			name = "[CP] Copy Pods Resources";
			outputPaths = (
			);
			runOnlyForDeploymentPostprocessing = 0;
			shellPath = /bin/sh;
			shellScript = "\"${SRCROOT}/Pods/Target Support Files/Pods-AdminRig/Pods-AdminRig-resources.sh\"\n";
			showEnvVarsInLog = 0;
		};
		7B5936C764C2A2715B9CD877 /* [CP] Copy Pods Resources */ = {
			isa = PBXShellScriptBuildPhase;
			buildActionMask = 2147483647;
			files = (
			);
			inputPaths = (
			);
			name = "[CP] Copy Pods Resources";
			outputPaths = (
			);
			runOnlyForDeploymentPostprocessing = 0;
			shellPath = /bin/sh;
			shellScript = "\"${SRCROOT}/Pods/Target Support Files/Pods-AdminRigUITests/Pods-AdminRigUITests-resources.sh\"\n";
			showEnvVarsInLog = 0;
		};
		92AC894909527E8B3FA1E228 /* [CP] Embed Pods Frameworks */ = {
			isa = PBXShellScriptBuildPhase;
			buildActionMask = 2147483647;
			files = (
			);
			inputPaths = (
			);
			name = "[CP] Embed Pods Frameworks";
			outputPaths = (
			);
			runOnlyForDeploymentPostprocessing = 0;
			shellPath = /bin/sh;
			shellScript = "\"${SRCROOT}/Pods/Target Support Files/Pods-AdminRig/Pods-AdminRig-frameworks.sh\"\n";
			showEnvVarsInLog = 0;
		};
		A770F4ADA369BA29F845BE55 /* [CP] Embed Pods Frameworks */ = {
			isa = PBXShellScriptBuildPhase;
			buildActionMask = 2147483647;
			files = (
			);
			inputPaths = (
			);
			name = "[CP] Embed Pods Frameworks";
			outputPaths = (
			);
			runOnlyForDeploymentPostprocessing = 0;
			shellPath = /bin/sh;
			shellScript = "\"${SRCROOT}/Pods/Target Support Files/Pods-AdminRigTests/Pods-AdminRigTests-frameworks.sh\"\n";
			showEnvVarsInLog = 0;
		};
		E870E76307E8D426AAD43C4A /* [CP] Copy Pods Resources */ = {
			isa = PBXShellScriptBuildPhase;
			buildActionMask = 2147483647;
			files = (
			);
			inputPaths = (
			);
			name = "[CP] Copy Pods Resources";
			outputPaths = (
			);
			runOnlyForDeploymentPostprocessing = 0;
			shellPath = /bin/sh;
			shellScript = "\"${SRCROOT}/Pods/Target Support Files/Pods-AdminRigTests/Pods-AdminRigTests-resources.sh\"\n";
			showEnvVarsInLog = 0;
		};
/* End PBXShellScriptBuildPhase section */

/* Begin PBXSourcesBuildPhase section */
		52D2DCA81E3EB2D300ADECC8 /* Sources */ = {
			isa = PBXSourcesBuildPhase;
			buildActionMask = 2147483647;
			files = (
				52D2DCB71E3EB2D300ADECC8 /* ViewController.m in Sources */,
				52D2DCB41E3EB2D300ADECC8 /* AppDelegate.m in Sources */,
				52D2DCB11E3EB2D300ADECC8 /* main.m in Sources */,
			);
			runOnlyForDeploymentPostprocessing = 0;
		};
		52D2DCC11E3EB2D300ADECC8 /* Sources */ = {
			isa = PBXSourcesBuildPhase;
			buildActionMask = 2147483647;
			files = (
				52D2DCCA1E3EB2D300ADECC8 /* AdminRigTests.m in Sources */,
			);
			runOnlyForDeploymentPostprocessing = 0;
		};
		52D2DCCC1E3EB2D300ADECC8 /* Sources */ = {
			isa = PBXSourcesBuildPhase;
			buildActionMask = 2147483647;
			files = (
				52D2DCD51E3EB2D300ADECC8 /* AdminRigUITests.m in Sources */,
			);
			runOnlyForDeploymentPostprocessing = 0;
		};
/* End PBXSourcesBuildPhase section */

/* Begin PBXTargetDependency section */
		52D2DCC71E3EB2D300ADECC8 /* PBXTargetDependency */ = {
			isa = PBXTargetDependency;
			target = 52D2DCAB1E3EB2D300ADECC8 /* AdminRig */;
			targetProxy = 52D2DCC61E3EB2D300ADECC8 /* PBXContainerItemProxy */;
		};
		52D2DCD21E3EB2D300ADECC8 /* PBXTargetDependency */ = {
			isa = PBXTargetDependency;
			target = 52D2DCAB1E3EB2D300ADECC8 /* AdminRig */;
			targetProxy = 52D2DCD11E3EB2D300ADECC8 /* PBXContainerItemProxy */;
		};
/* End PBXTargetDependency section */

/* Begin PBXVariantGroup section */
		52D2DCB81E3EB2D300ADECC8 /* Main.storyboard */ = {
			isa = PBXVariantGroup;
			children = (
				52D2DCB91E3EB2D300ADECC8 /* Base */,
			);
			name = Main.storyboard;
			sourceTree = "<group>";
		};
		52D2DCBD1E3EB2D300ADECC8 /* LaunchScreen.storyboard */ = {
			isa = PBXVariantGroup;
			children = (
				52D2DCBE1E3EB2D300ADECC8 /* Base */,
			);
			name = LaunchScreen.storyboard;
			sourceTree = "<group>";
		};
/* End PBXVariantGroup section */

/* Begin XCBuildConfiguration section */
		52D2DCD71E3EB2D300ADECC8 /* Debug */ = {
			isa = XCBuildConfiguration;
			buildSettings = {
				ALWAYS_SEARCH_USER_PATHS = NO;
				CLANG_ANALYZER_NONNULL = YES;
				CLANG_CXX_LANGUAGE_STANDARD = "gnu++0x";
				CLANG_CXX_LIBRARY = "libc++";
				CLANG_ENABLE_MODULES = YES;
				CLANG_ENABLE_OBJC_ARC = YES;
				CLANG_WARN_BOOL_CONVERSION = YES;
				CLANG_WARN_CONSTANT_CONVERSION = YES;
				CLANG_WARN_DIRECT_OBJC_ISA_USAGE = YES_ERROR;
				CLANG_WARN_DOCUMENTATION_COMMENTS = YES;
				CLANG_WARN_EMPTY_BODY = YES;
				CLANG_WARN_ENUM_CONVERSION = YES;
				CLANG_WARN_INFINITE_RECURSION = YES;
				CLANG_WARN_INT_CONVERSION = YES;
				CLANG_WARN_OBJC_ROOT_CLASS = YES_ERROR;
				CLANG_WARN_SUSPICIOUS_MOVE = YES;
				CLANG_WARN_UNREACHABLE_CODE = YES;
				CLANG_WARN__DUPLICATE_METHOD_MATCH = YES;
				"CODE_SIGN_IDENTITY[sdk=iphoneos*]" = "iPhone Developer";
				COPY_PHASE_STRIP = NO;
				DEBUG_INFORMATION_FORMAT = dwarf;
				ENABLE_STRICT_OBJC_MSGSEND = YES;
				ENABLE_TESTABILITY = YES;
				GCC_C_LANGUAGE_STANDARD = gnu99;
				GCC_DYNAMIC_NO_PIC = NO;
				GCC_NO_COMMON_BLOCKS = YES;
				GCC_OPTIMIZATION_LEVEL = 0;
				GCC_PREPROCESSOR_DEFINITIONS = (
					"DEBUG=1",
					"$(inherited)",
				);
				GCC_WARN_64_TO_32_BIT_CONVERSION = YES;
				GCC_WARN_ABOUT_RETURN_TYPE = YES_ERROR;
				GCC_WARN_UNDECLARED_SELECTOR = YES;
				GCC_WARN_UNINITIALIZED_AUTOS = YES_AGGRESSIVE;
				GCC_WARN_UNUSED_FUNCTION = YES;
				GCC_WARN_UNUSED_VARIABLE = YES;
				IPHONEOS_DEPLOYMENT_TARGET = 10.2;
				MTL_ENABLE_DEBUG_INFO = YES;
				ONLY_ACTIVE_ARCH = YES;
				SDKROOT = iphoneos;
				TARGETED_DEVICE_FAMILY = "1,2";
			};
			name = Debug;
		};
		52D2DCD81E3EB2D300ADECC8 /* Release */ = {
			isa = XCBuildConfiguration;
			buildSettings = {
				ALWAYS_SEARCH_USER_PATHS = NO;
				CLANG_ANALYZER_NONNULL = YES;
				CLANG_CXX_LANGUAGE_STANDARD = "gnu++0x";
				CLANG_CXX_LIBRARY = "libc++";
				CLANG_ENABLE_MODULES = YES;
				CLANG_ENABLE_OBJC_ARC = YES;
				CLANG_WARN_BOOL_CONVERSION = YES;
				CLANG_WARN_CONSTANT_CONVERSION = YES;
				CLANG_WARN_DIRECT_OBJC_ISA_USAGE = YES_ERROR;
				CLANG_WARN_DOCUMENTATION_COMMENTS = YES;
				CLANG_WARN_EMPTY_BODY = YES;
				CLANG_WARN_ENUM_CONVERSION = YES;
				CLANG_WARN_INFINITE_RECURSION = YES;
				CLANG_WARN_INT_CONVERSION = YES;
				CLANG_WARN_OBJC_ROOT_CLASS = YES_ERROR;
				CLANG_WARN_SUSPICIOUS_MOVE = YES;
				CLANG_WARN_UNREACHABLE_CODE = YES;
				CLANG_WARN__DUPLICATE_METHOD_MATCH = YES;
				"CODE_SIGN_IDENTITY[sdk=iphoneos*]" = "iPhone Developer";
				COPY_PHASE_STRIP = NO;
				DEBUG_INFORMATION_FORMAT = "dwarf-with-dsym";
				ENABLE_NS_ASSERTIONS = NO;
				ENABLE_STRICT_OBJC_MSGSEND = YES;
				GCC_C_LANGUAGE_STANDARD = gnu99;
				GCC_NO_COMMON_BLOCKS = YES;
				GCC_WARN_64_TO_32_BIT_CONVERSION = YES;
				GCC_WARN_ABOUT_RETURN_TYPE = YES_ERROR;
				GCC_WARN_UNDECLARED_SELECTOR = YES;
				GCC_WARN_UNINITIALIZED_AUTOS = YES_AGGRESSIVE;
				GCC_WARN_UNUSED_FUNCTION = YES;
				GCC_WARN_UNUSED_VARIABLE = YES;
				IPHONEOS_DEPLOYMENT_TARGET = 10.2;
				MTL_ENABLE_DEBUG_INFO = NO;
				SDKROOT = iphoneos;
				TARGETED_DEVICE_FAMILY = "1,2";
				VALIDATE_PRODUCT = YES;
			};
			name = Release;
		};
		52D2DCDA1E3EB2D300ADECC8 /* Debug */ = {
			isa = XCBuildConfiguration;
			baseConfigurationReference = 78FEA14350E6DDAD501C847E /* Pods-AdminRig.debug.xcconfig */;
			buildSettings = {
				ASSETCATALOG_COMPILER_APPICON_NAME = AppIcon;
				DEVELOPMENT_TEAM = 4Y3GGL46D2;
				INFOPLIST_FILE = AdminRig/Info.plist;
				LD_RUNPATH_SEARCH_PATHS = "$(inherited) @executable_path/Frameworks";
				PRODUCT_BUNDLE_IDENTIFIER = john.bogil.AdminRig;
				PRODUCT_NAME = "$(TARGET_NAME)";
			};
			name = Debug;
		};
		52D2DCDB1E3EB2D300ADECC8 /* Release */ = {
			isa = XCBuildConfiguration;
			baseConfigurationReference = 87E386E5154790F34A2EBE20 /* Pods-AdminRig.release.xcconfig */;
			buildSettings = {
				ASSETCATALOG_COMPILER_APPICON_NAME = AppIcon;
				DEVELOPMENT_TEAM = 4Y3GGL46D2;
				INFOPLIST_FILE = AdminRig/Info.plist;
				LD_RUNPATH_SEARCH_PATHS = "$(inherited) @executable_path/Frameworks";
				PRODUCT_BUNDLE_IDENTIFIER = john.bogil.AdminRig;
				PRODUCT_NAME = "$(TARGET_NAME)";
			};
			name = Release;
		};
		52D2DCDD1E3EB2D300ADECC8 /* Debug */ = {
			isa = XCBuildConfiguration;
			baseConfigurationReference = 460BF5619B507EBA9995D0D9 /* Pods-AdminRigTests.debug.xcconfig */;
			buildSettings = {
				BUNDLE_LOADER = "$(TEST_HOST)";
				INFOPLIST_FILE = AdminRigTests/Info.plist;
				LD_RUNPATH_SEARCH_PATHS = "$(inherited) @executable_path/Frameworks @loader_path/Frameworks";
				PRODUCT_BUNDLE_IDENTIFIER = john.bogil.AdminRigTests;
				PRODUCT_NAME = "$(TARGET_NAME)";
				TEST_HOST = "$(BUILT_PRODUCTS_DIR)/AdminRig.app/AdminRig";
			};
			name = Debug;
		};
		52D2DCDE1E3EB2D300ADECC8 /* Release */ = {
			isa = XCBuildConfiguration;
			baseConfigurationReference = D5D82AC6A221DC88687A2CE7 /* Pods-AdminRigTests.release.xcconfig */;
			buildSettings = {
				BUNDLE_LOADER = "$(TEST_HOST)";
				INFOPLIST_FILE = AdminRigTests/Info.plist;
				LD_RUNPATH_SEARCH_PATHS = "$(inherited) @executable_path/Frameworks @loader_path/Frameworks";
				PRODUCT_BUNDLE_IDENTIFIER = john.bogil.AdminRigTests;
				PRODUCT_NAME = "$(TARGET_NAME)";
				TEST_HOST = "$(BUILT_PRODUCTS_DIR)/AdminRig.app/AdminRig";
			};
			name = Release;
		};
		52D2DCE01E3EB2D300ADECC8 /* Debug */ = {
			isa = XCBuildConfiguration;
			baseConfigurationReference = 94C14B4B2A3D666A6CB0BAB6 /* Pods-AdminRigUITests.debug.xcconfig */;
			buildSettings = {
				INFOPLIST_FILE = AdminRigUITests/Info.plist;
				LD_RUNPATH_SEARCH_PATHS = "$(inherited) @executable_path/Frameworks @loader_path/Frameworks";
				PRODUCT_BUNDLE_IDENTIFIER = john.bogil.AdminRigUITests;
				PRODUCT_NAME = "$(TARGET_NAME)";
				TEST_TARGET_NAME = AdminRig;
			};
			name = Debug;
		};
		52D2DCE11E3EB2D300ADECC8 /* Release */ = {
			isa = XCBuildConfiguration;
			baseConfigurationReference = 3F7B6A517527E182937B558E /* Pods-AdminRigUITests.release.xcconfig */;
			buildSettings = {
				INFOPLIST_FILE = AdminRigUITests/Info.plist;
				LD_RUNPATH_SEARCH_PATHS = "$(inherited) @executable_path/Frameworks @loader_path/Frameworks";
				PRODUCT_BUNDLE_IDENTIFIER = john.bogil.AdminRigUITests;
				PRODUCT_NAME = "$(TARGET_NAME)";
				TEST_TARGET_NAME = AdminRig;
			};
			name = Release;
		};
/* End XCBuildConfiguration section */

/* Begin XCConfigurationList section */
		52D2DCA71E3EB2D300ADECC8 /* Build configuration list for PBXProject "AdminRig" */ = {
			isa = XCConfigurationList;
			buildConfigurations = (
				52D2DCD71E3EB2D300ADECC8 /* Debug */,
				52D2DCD81E3EB2D300ADECC8 /* Release */,
			);
			defaultConfigurationIsVisible = 0;
			defaultConfigurationName = Release;
		};
		52D2DCD91E3EB2D300ADECC8 /* Build configuration list for PBXNativeTarget "AdminRig" */ = {
			isa = XCConfigurationList;
			buildConfigurations = (
				52D2DCDA1E3EB2D300ADECC8 /* Debug */,
				52D2DCDB1E3EB2D300ADECC8 /* Release */,
			);
			defaultConfigurationIsVisible = 0;
			defaultConfigurationName = Release;
		};
		52D2DCDC1E3EB2D300ADECC8 /* Build configuration list for PBXNativeTarget "AdminRigTests" */ = {
			isa = XCConfigurationList;
			buildConfigurations = (
				52D2DCDD1E3EB2D300ADECC8 /* Debug */,
				52D2DCDE1E3EB2D300ADECC8 /* Release */,
			);
			defaultConfigurationIsVisible = 0;
			defaultConfigurationName = Release;
		};
		52D2DCDF1E3EB2D300ADECC8 /* Build configuration list for PBXNativeTarget "AdminRigUITests" */ = {
			isa = XCConfigurationList;
			buildConfigurations = (
				52D2DCE01E3EB2D300ADECC8 /* Debug */,
				52D2DCE11E3EB2D300ADECC8 /* Release */,
			);
			defaultConfigurationIsVisible = 0;
			defaultConfigurationName = Release;
		};
/* End XCConfigurationList section */
	};
	rootObject = 52D2DCA41E3EB2D300ADECC8 /* Project object */;
}
